
Microsoft Visual Studio Solution File, Format Version 12.00
# Visual Studio Version 16
VisualStudioVersion = 16.0.30611.23
MinimumVisualStudioVersion = 10.0.40219.1
Project("{FAE04EC0-301F-11D3-BF4B-00C04F79EFBC}") = "CRUDusingMVCwithAdoNet", "CRUDusingMVCwithAdoNet.csproj", "{D64338AC-123A-434B-B448-73775F266FA3}"
EndProject
Global
	GlobalSection(SolutionConfigurationPlatforms) = preSolution
		Debug|Any CPU = Debug|Any CPU
		Release|Any CPU = Release|Any CPU
	EndGlobalSection
	GlobalSection(ProjectConfigurationPlatforms) = postSolution
		{D64338AC-123A-434B-B448-73775F266FA3}.Debug|Any CPU.ActiveCfg = Debug|Any CPU
		{D64338AC-123A-434B-B448-73775F266FA3}.Debug|Any CPU.Build.0 = Debug|Any CPU
		{D64338AC-123A-434B-B448-73775F266FA3}.Release|Any CPU.ActiveCfg = Release|Any CPU
		{D64338AC-123A-434B-B448-73775F266FA3}.Release|Any CPU.Build.0 = Release|Any CPU
	EndGlobalSection
	GlobalSection(SolutionProperties) = preSolution
		HideSolutionNode = FALSE
	EndGlobalSection
	GlobalSection(ExtensibilityGlobals) = postSolution
		SolutionGuid = {A08B00FA-DEA1-47B0-B8F1-3BCC6170EFAE}
	EndGlobalSection
EndGlobal
